// !$*UTF8*$!
{
	archiveVersion = 1;
	classes = {
	};
	objectVersion = 50;
	objects = {

/* Begin PBXBuildFile section */
		BCF2ECD222011D8700461060 /* AppDelegate.swift in Sources */ = {isa = PBXBuildFile; fileRef = BCF2ECD122011D8700461060 /* AppDelegate.swift */; };
		BCF2ECD422011D8700461060 /* MemeEditorViewController.swift in Sources */ = {isa = PBXBuildFile; fileRef = BCF2ECD322011D8700461060 /* MemeEditorViewController.swift */; };
		BCF2ECD722011D8700461060 /* Main.storyboard in Resources */ = {isa = PBXBuildFile; fileRef = BCF2ECD522011D8700461060 /* Main.storyboard */; };
		BCF2ECD922011D8800461060 /* Assets.xcassets in Resources */ = {isa = PBXBuildFile; fileRef = BCF2ECD822011D8800461060 /* Assets.xcassets */; };
		BCF2ECDC22011D8800461060 /* LaunchScreen.storyboard in Resources */ = {isa = PBXBuildFile; fileRef = BCF2ECDA22011D8800461060 /* LaunchScreen.storyboard */; };
		BCF2ECE422011F5600461060 /* MemeGenerator.swift in Sources */ = {isa = PBXBuildFile; fileRef = BCF2ECE322011F5600461060 /* MemeGenerator.swift */; };
		BCF2ECE622011FA600461060 /* MemeStruct.swift in Sources */ = {isa = PBXBuildFile; fileRef = BCF2ECE522011FA600461060 /* MemeStruct.swift */; };
		BCF2ECE822011FCD00461060 /* TextFormatting.swift in Sources */ = {isa = PBXBuildFile; fileRef = BCF2ECE722011FCD00461060 /* TextFormatting.swift */; };
		BCF2ECEA22011FFA00461060 /* KeyboardConfiguration.swift in Sources */ = {isa = PBXBuildFile; fileRef = BCF2ECE922011FFA00461060 /* KeyboardConfiguration.swift */; };
		BCF2ECEE220122CD00461060 /* MemeTableView.swift in Sources */ = {isa = PBXBuildFile; fileRef = BCF2ECED220122CD00461060 /* MemeTableView.swift */; };
		BCF2ECF02201285A00461060 /* MemeTableViewCell.swift in Sources */ = {isa = PBXBuildFile; fileRef = BCF2ECEF2201285A00461060 /* MemeTableViewCell.swift */; };
		BCF2ECF222016BBC00461060 /* MemeDetailView.swift in Sources */ = {isa = PBXBuildFile; fileRef = BCF2ECF122016BBC00461060 /* MemeDetailView.swift */; };
		BCF2ECF422016F6400461060 /* MemeCollectionView.swift in Sources */ = {isa = PBXBuildFile; fileRef = BCF2ECF322016F6400461060 /* MemeCollectionView.swift */; };
		BCF2ECF62201701B00461060 /* CollectionViewCell.swift in Sources */ = {isa = PBXBuildFile; fileRef = BCF2ECF52201701B00461060 /* CollectionViewCell.swift */; };
/* End PBXBuildFile section */

/* Begin PBXFileReference section */
		BCF2ECCE22011D8700461060 /* Meme2.0App.app */ = {isa = PBXFileReference; explicitFileType = wrapper.application; includeInIndex = 0; path = Meme2.0App.app; sourceTree = BUILT_PRODUCTS_DIR; };
		BCF2ECD122011D8700461060 /* AppDelegate.swift */ = {isa = PBXFileReference; lastKnownFileType = sourcecode.swift; path = AppDelegate.swift; sourceTree = "<group>"; };
		BCF2ECD322011D8700461060 /* MemeEditorViewController.swift */ = {isa = PBXFileReference; lastKnownFileType = sourcecode.swift; path = MemeEditorViewController.swift; sourceTree = "<group>"; };
		BCF2ECD622011D8700461060 /* Base */ = {isa = PBXFileReference; lastKnownFileType = file.storyboard; name = Base; path = Base.lproj/Main.storyboard; sourceTree = "<group>"; };
		BCF2ECD822011D8800461060 /* Assets.xcassets */ = {isa = PBXFileReference; lastKnownFileType = folder.assetcatalog; path = Assets.xcassets; sourceTree = "<group>"; };
		BCF2ECDB22011D8800461060 /* Base */ = {isa = PBXFileReference; lastKnownFileType = file.storyboard; name = Base; path = Base.lproj/LaunchScreen.storyboard; sourceTree = "<group>"; };
		BCF2ECDD22011D8800461060 /* Info.plist */ = {isa = PBXFileReference; lastKnownFileType = text.plist.xml; path = Info.plist; sourceTree = "<group>"; };
		BCF2ECE322011F5600461060 /* MemeGenerator.swift */ = {isa = PBXFileReference; lastKnownFileType = sourcecode.swift; path = MemeGenerator.swift; sourceTree = "<group>"; };
		BCF2ECE522011FA600461060 /* MemeStruct.swift */ = {isa = PBXFileReference; lastKnownFileType = sourcecode.swift; path = MemeStruct.swift; sourceTree = "<group>"; };
		BCF2ECE722011FCD00461060 /* TextFormatting.swift */ = {isa = PBXFileReference; lastKnownFileType = sourcecode.swift; path = TextFormatting.swift; sourceTree = "<group>"; };
		BCF2ECE922011FFA00461060 /* KeyboardConfiguration.swift */ = {isa = PBXFileReference; lastKnownFileType = sourcecode.swift; path = KeyboardConfiguration.swift; sourceTree = "<group>"; };
		BCF2ECED220122CD00461060 /* MemeTableView.swift */ = {isa = PBXFileReference; lastKnownFileType = sourcecode.swift; path = MemeTableView.swift; sourceTree = "<group>"; };
		BCF2ECEF2201285A00461060 /* MemeTableViewCell.swift */ = {isa = PBXFileReference; lastKnownFileType = sourcecode.swift; path = MemeTableViewCell.swift; sourceTree = "<group>"; };
		BCF2ECF122016BBC00461060 /* MemeDetailView.swift */ = {isa = PBXFileReference; lastKnownFileType = sourcecode.swift; path = MemeDetailView.swift; sourceTree = "<group>"; };
		BCF2ECF322016F6400461060 /* MemeCollectionView.swift */ = {isa = PBXFileReference; lastKnownFileType = sourcecode.swift; path = MemeCollectionView.swift; sourceTree = "<group>"; };
		BCF2ECF52201701B00461060 /* CollectionViewCell.swift */ = {isa = PBXFileReference; lastKnownFileType = sourcecode.swift; path = CollectionViewCell.swift; sourceTree = "<group>"; };
/* End PBXFileReference section */

/* Begin PBXFrameworksBuildPhase section */
		BCF2ECCB22011D8700461060 /* Frameworks */ = {
			isa = PBXFrameworksBuildPhase;
			buildActionMask = 2147483647;
			files = (
			);
			runOnlyForDeploymentPostprocessing = 0;
		};
/* End PBXFrameworksBuildPhase section */

/* Begin PBXGroup section */
		BCF2ECC522011D8700461060 = {
			isa = PBXGroup;
			children = (
				BCF2ECD022011D8700461060 /* Meme2.0App */,
				BCF2ECCF22011D8700461060 /* Products */,
			);
			sourceTree = "<group>";
		};
		BCF2ECCF22011D8700461060 /* Products */ = {
			isa = PBXGroup;
			children = (
				BCF2ECCE22011D8700461060 /* Meme2.0App.app */,
			);
			name = Products;
			sourceTree = "<group>";
		};
		BCF2ECD022011D8700461060 /* Meme2.0App */ = {
			isa = PBXGroup;
			children = (
				BCF2ECD122011D8700461060 /* AppDelegate.swift */,
				BCF2ECEB2201223000461060 /* meme1.0 */,
				BCF2ECEC2201224700461060 /* KeyboardAndTextConfig */,
				BCF2ECD522011D8700461060 /* Main.storyboard */,
				BCF2ECD822011D8800461060 /* Assets.xcassets */,
				BCF2ECDA22011D8800461060 /* LaunchScreen.storyboard */,
				BCF2ECDD22011D8800461060 /* Info.plist */,
				BCF2ECF7220173A100461060 /* meme2.0 */,
			);
			path = Meme2.0App;
			sourceTree = "<group>";
		};
		BCF2ECEB2201223000461060 /* meme1.0 */ = {
			isa = PBXGroup;
			children = (
				BCF2ECD322011D8700461060 /* MemeEditorViewController.swift */,
				BCF2ECE322011F5600461060 /* MemeGenerator.swift */,
				BCF2ECE522011FA600461060 /* MemeStruct.swift */,
			);
			path = meme1.0;
			sourceTree = "<group>";
		};
		BCF2ECEC2201224700461060 /* KeyboardAndTextConfig */ = {
			isa = PBXGroup;
			children = (
				BCF2ECE722011FCD00461060 /* TextFormatting.swift */,
				BCF2ECE922011FFA00461060 /* KeyboardConfiguration.swift */,
			);
			path = KeyboardAndTextConfig;
			sourceTree = "<group>";
		};
		BCF2ECF7220173A100461060 /* meme2.0 */ = {
			isa = PBXGroup;
			children = (
				BCF2ECED220122CD00461060 /* MemeTableView.swift */,
				BCF2ECEF2201285A00461060 /* MemeTableViewCell.swift */,
				BCF2ECF122016BBC00461060 /* MemeDetailView.swift */,
				BCF2ECF322016F6400461060 /* MemeCollectionView.swift */,
				BCF2ECF52201701B00461060 /* CollectionViewCell.swift */,
			);
			path = meme2.0;
			sourceTree = "<group>";
		};
/* End PBXGroup section */

/* Begin PBXNativeTarget section */
		BCF2ECCD22011D8700461060 /* Meme2.0App */ = {
			isa = PBXNativeTarget;
			buildConfigurationList = BCF2ECE022011D8800461060 /* Build configuration list for PBXNativeTarget "Meme2.0App" */;
			buildPhases = (
				BCF2ECCA22011D8700461060 /* Sources */,
				BCF2ECCB22011D8700461060 /* Frameworks */,
				BCF2ECCC22011D8700461060 /* Resources */,
			);
			buildRules = (
			);
			dependencies = (
			);
			name = Meme2.0App;
			productName = Meme2.0App;
			productReference = BCF2ECCE22011D8700461060 /* Meme2.0App.app */;
			productType = "com.apple.product-type.application";
		};
/* End PBXNativeTarget section */

/* Begin PBXProject section */
		BCF2ECC622011D8700461060 /* Project object */ = {
			isa = PBXProject;
			attributes = {
				LastSwiftUpdateCheck = 1010;
				LastUpgradeCheck = 1010;
				ORGANIZATIONNAME = "Mpixel Design & Development";
				TargetAttributes = {
					BCF2ECCD22011D8700461060 = {
						CreatedOnToolsVersion = 10.1;
					};
				};
			};
			buildConfigurationList = BCF2ECC922011D8700461060 /* Build configuration list for PBXProject "Meme2.0App" */;
			compatibilityVersion = "Xcode 9.3";
			developmentRegion = en;
			hasScannedForEncodings = 0;
			knownRegions = (
				en,
				Base,
			);
			mainGroup = BCF2ECC522011D8700461060;
			productRefGroup = BCF2ECCF22011D8700461060 /* Products */;
			projectDirPath = "";
			projectRoot = "";
			targets = (
				BCF2ECCD22011D8700461060 /* Meme2.0App */,
			);
		};
/* End PBXProject section */

/* Begin PBXResourcesBuildPhase section */
		BCF2ECCC22011D8700461060 /* Resources */ = {
			isa = PBXResourcesBuildPhase;
			buildActionMask = 2147483647;
			files = (
				BCF2ECDC22011D8800461060 /* LaunchScreen.storyboard in Resources */,
				BCF2ECD922011D8800461060 /* Assets.xcassets in Resources */,
				BCF2ECD722011D8700461060 /* Main.storyboard in Resources */,
			);
			runOnlyForDeploymentPostprocessing = 0;
		};
/* End PBXResourcesBuildPhase section */

/* Begin PBXSourcesBuildPhase section */
		BCF2ECCA22011D8700461060 /* Sources */ = {
			isa = PBXSourcesBuildPhase;
			buildActionMask = 2147483647;
			files = (
				BCF2ECF222016BBC00461060 /* MemeDetailView.swift in Sources */,
				BCF2ECE622011FA600461060 /* MemeStruct.swift in Sources */,
				BCF2ECF02201285A00461060 /* MemeTableViewCell.swift in Sources */,
				BCF2ECEA22011FFA00461060 /* KeyboardConfiguration.swift in Sources */,
				BCF2ECF422016F6400461060 /* MemeCollectionView.swift in Sources */,
				BCF2ECE822011FCD00461060 /* TextFormatting.swift in Sources */,
				BCF2ECD422011D8700461060 /* MemeEditorViewController.swift in Sources */,
				BCF2ECEE220122CD00461060 /* MemeTableView.swift in Sources */,
				BCF2ECE422011F5600461060 /* MemeGenerator.swift in Sources */,
				BCF2ECD222011D8700461060 /* AppDelegate.swift in Sources */,
				BCF2ECF62201701B00461060 /* CollectionViewCell.swift in Sources */,
			);
			runOnlyForDeploymentPostprocessing = 0;
		};
/* End PBXSourcesBuildPhase section */

/* Begin PBXVariantGroup section */
		BCF2ECD522011D8700461060 /* Main.storyboard */ = {
			isa = PBXVariantGroup;
			children = (
				BCF2ECD622011D8700461060 /* Base */,
			);
			name = Main.storyboard;
			sourceTree = "<group>";
		};
		BCF2ECDA22011D8800461060 /* LaunchScreen.storyboard */ = {
			isa = PBXVariantGroup;
			children = (
				BCF2ECDB22011D8800461060 /* Base */,
			);
			name = LaunchScreen.storyboard;
			sourceTree = "<group>";
		};
/* End PBXVariantGroup section */

/* Begin XCBuildConfiguration section */
		BCF2ECDE22011D8800461060 /* Debug */ = {
			isa = XCBuildConfiguration;
			buildSettings = {
				ALWAYS_SEARCH_USER_PATHS = NO;
				CLANG_ANALYZER_NONNULL = YES;
				CLANG_ANALYZER_NUMBER_OBJECT_CONVERSION = YES_AGGRESSIVE;
				CLANG_CXX_LANGUAGE_STANDARD = "gnu++14";
				CLANG_CXX_LIBRARY = "libc++";
				CLANG_ENABLE_MODULES = YES;
				CLANG_ENABLE_OBJC_ARC = YES;
				CLANG_ENABLE_OBJC_WEAK = YES;
				CLANG_WARN_BLOCK_CAPTURE_AUTORELEASING = YES;
				CLANG_WARN_BOOL_CONVERSION = YES;
				CLANG_WARN_COMMA = YES;
				CLANG_WARN_CONSTANT_CONVERSION = YES;
				CLANG_WARN_DEPRECATED_OBJC_IMPLEMENTATIONS = YES;
				CLANG_WARN_DIRECT_OBJC_ISA_USAGE = YES_ERROR;
				CLANG_WARN_DOCUMENTATION_COMMENTS = YES;
				CLANG_WARN_EMPTY_BODY = YES;
				CLANG_WARN_ENUM_CONVERSION = YES;
				CLANG_WARN_INFINITE_RECURSION = YES;
				CLANG_WARN_INT_CONVERSION = YES;
				CLANG_WARN_NON_LITERAL_NULL_CONVERSION = YES;
				CLANG_WARN_OBJC_IMPLICIT_RETAIN_SELF = YES;
				CLANG_WARN_OBJC_LITERAL_CONVERSION = YES;
				CLANG_WARN_OBJC_ROOT_CLASS = YES_ERROR;
				CLANG_WARN_RANGE_LOOP_ANALYSIS = YES;
				CLANG_WARN_STRICT_PROTOTYPES = YES;
				CLANG_WARN_SUSPICIOUS_MOVE = YES;
				CLANG_WARN_UNGUARDED_AVAILABILITY = YES_AGGRESSIVE;
				CLANG_WARN_UNREACHABLE_CODE = YES;
				CLANG_WARN__DUPLICATE_METHOD_MATCH = YES;
				CODE_SIGN_IDENTITY = "iPhone Developer";
				COPY_PHASE_STRIP = NO;
				DEBUG_INFORMATION_FORMAT = dwarf;
				ENABLE_STRICT_OBJC_MSGSEND = YES;
				ENABLE_TESTABILITY = YES;
				GCC_C_LANGUAGE_STANDARD = gnu11;
				GCC_DYNAMIC_NO_PIC = NO;
				GCC_NO_COMMON_BLOCKS = YES;
				GCC_OPTIMIZATION_LEVEL = 0;
				GCC_PREPROCESSOR_DEFINITIONS = (
					"DEBUG=1",
					"$(inherited)",
				);
				GCC_WARN_64_TO_32_BIT_CONVERSION = YES;
				GCC_WARN_ABOUT_RETURN_TYPE = YES_ERROR;
				GCC_WARN_UNDECLARED_SELECTOR = YES;
				GCC_WARN_UNINITIALIZED_AUTOS = YES_AGGRESSIVE;
				GCC_WARN_UNUSED_FUNCTION = YES;
				GCC_WARN_UNUSED_VARIABLE = YES;
				IPHONEOS_DEPLOYMENT_TARGET = 12.1;
				MTL_ENABLE_DEBUG_INFO = INCLUDE_SOURCE;
				MTL_FAST_MATH = YES;
				ONLY_ACTIVE_ARCH = YES;
				SDKROOT = iphoneos;
				SWIFT_ACTIVE_COMPILATION_CONDITIONS = DEBUG;
				SWIFT_OPTIMIZATION_LEVEL = "-Onone";
			};
			name = Debug;
		};
		BCF2ECDF22011D8800461060 /* Release */ = {
			isa = XCBuildConfiguration;
			buildSettings = {
				ALWAYS_SEARCH_USER_PATHS = NO;
				CLANG_ANALYZER_NONNULL = YES;
				CLANG_ANALYZER_NUMBER_OBJECT_CONVERSION = YES_AGGRESSIVE;
				CLANG_CXX_LANGUAGE_STANDARD = "gnu++14";
				CLANG_CXX_LIBRARY = "libc++";
				CLANG_ENABLE_MODULES = YES;
				CLANG_ENABLE_OBJC_ARC = YES;
				CLANG_ENABLE_OBJC_WEAK = YES;
				CLANG_WARN_BLOCK_CAPTURE_AUTORELEASING = YES;
				CLANG_WARN_BOOL_CONVERSION = YES;
				CLANG_WARN_COMMA = YES;
				CLANG_WARN_CONSTANT_CONVERSION = YES;
				CLANG_WARN_DEPRECATED_OBJC_IMPLEMENTATIONS = YES;
				CLANG_WARN_DIRECT_OBJC_ISA_USAGE = YES_ERROR;
				CLANG_WARN_DOCUMENTATION_COMMENTS = YES;
				CLANG_WARN_EMPTY_BODY = YES;
				CLANG_WARN_ENUM_CONVERSION = YES;
				CLANG_WARN_INFINITE_RECURSION = YES;
				CLANG_WARN_INT_CONVERSION = YES;
				CLANG_WARN_NON_LITERAL_NULL_CONVERSION = YES;
				CLANG_WARN_OBJC_IMPLICIT_RETAIN_SELF = YES;
				CLANG_WARN_OBJC_LITERAL_CONVERSION = YES;
				CLANG_WARN_OBJC_ROOT_CLASS = YES_ERROR;
				CLANG_WARN_RANGE_LOOP_ANALYSIS = YES;
				CLANG_WARN_STRICT_PROTOTYPES = YES;
				CLANG_WARN_SUSPICIOUS_MOVE = YES;
				CLANG_WARN_UNGUARDED_AVAILABILITY = YES_AGGRESSIVE;
				CLANG_WARN_UNREACHABLE_CODE = YES;
				CLANG_WARN__DUPLICATE_METHOD_MATCH = YES;
				CODE_SIGN_IDENTITY = "iPhone Developer";
				COPY_PHASE_STRIP = NO;
				DEBUG_INFORMATION_FORMAT = "dwarf-with-dsym";
				ENABLE_NS_ASSERTIONS = NO;
				ENABLE_STRICT_OBJC_MSGSEND = YES;
				GCC_C_LANGUAGE_STANDARD = gnu11;
				GCC_NO_COMMON_BLOCKS = YES;
				GCC_WARN_64_TO_32_BIT_CONVERSION = YES;
				GCC_WARN_ABOUT_RETURN_TYPE = YES_ERROR;
				GCC_WARN_UNDECLARED_SELECTOR = YES;
				GCC_WARN_UNINITIALIZED_AUTOS = YES_AGGRESSIVE;
				GCC_WARN_UNUSED_FUNCTION = YES;
				GCC_WARN_UNUSED_VARIABLE = YES;
				IPHONEOS_DEPLOYMENT_TARGET = 12.1;
				MTL_ENABLE_DEBUG_INFO = NO;
				MTL_FAST_MATH = YES;
				SDKROOT = iphoneos;
				SWIFT_COMPILATION_MODE = wholemodule;
				SWIFT_OPTIMIZATION_LEVEL = "-O";
				VALIDATE_PRODUCT = YES;
			};
			name = Release;
		};
		BCF2ECE122011D8800461060 /* Debug */ = {
			isa = XCBuildConfiguration;
			buildSettings = {
				ASSETCATALOG_COMPILER_APPICON_NAME = AppIcon;
				CODE_SIGN_STYLE = Automatic;
				DEVELOPMENT_TEAM = 8R9MN7EWJ6;
				INFOPLIST_FILE = Meme2.0App/Info.plist;
				LD_RUNPATH_SEARCH_PATHS = (
					"$(inherited)",
					"@executable_path/Frameworks",
				);
				PRODUCT_BUNDLE_IDENTIFIER = "com.mpixeldd.Meme2-0App";
				PRODUCT_NAME = "$(TARGET_NAME)";
				SWIFT_VERSION = 4.2;
				TARGETED_DEVICE_FAMILY = "1,2";
			};
			name = Debug;
		};
		BCF2ECE222011D8800461060 /* Release */ = {
			isa = XCBuildConfiguration;
			buildSettings = {
				ASSETCATALOG_COMPILER_APPICON_NAME = AppIcon;
				CODE_SIGN_STYLE = Automatic;
				DEVELOPMENT_TEAM = 8R9MN7EWJ6;
				INFOPLIST_FILE = Meme2.0App/Info.plist;
				LD_RUNPATH_SEARCH_PATHS = (
					"$(inherited)",
					"@executable_path/Frameworks",
				);
				PRODUCT_BUNDLE_IDENTIFIER = "com.mpixeldd.Meme2-0App";
				PRODUCT_NAME = "$(TARGET_NAME)";
				SWIFT_VERSION = 4.2;
				TARGETED_DEVICE_FAMILY = "1,2";
			};
			name = Release;
		};
/* End XCBuildConfiguration section */

/* Begin XCConfigurationList section */
		BCF2ECC922011D8700461060 /* Build configuration list for PBXProject "Meme2.0App" */ = {
			isa = XCConfigurationList;
			buildConfigurations = (
				BCF2ECDE22011D8800461060 /* Debug */,
				BCF2ECDF22011D8800461060 /* Release */,
			);
			defaultConfigurationIsVisible = 0;
			defaultConfigurationName = Release;
		};
		BCF2ECE022011D8800461060 /* Build configuration list for PBXNativeTarget "Meme2.0App" */ = {
			isa = XCConfigurationList;
			buildConfigurations = (
				BCF2ECE122011D8800461060 /* Debug */,
				BCF2ECE222011D8800461060 /* Release */,
			);
			defaultConfigurationIsVisible = 0;
			defaultConfigurationName = Release;
		};
/* End XCConfigurationList section */
	};
	rootObject = BCF2ECC622011D8700461060 /* Project object */;
}
